// !$*UTF8*$!
{
	archiveVersion = 1;
	classes = {
	};
	objectVersion = 56;
	objects = {

/* Begin PBXBuildFile section */
		718771712937F5AF0037EB4E /* CredentialsLoginView.swift in Sources */ = {isa = PBXBuildFile; fileRef = 718771702937F5AF0037EB4E /* CredentialsLoginView.swift */; };
		718771732937F5CD0037EB4E /* LoginView.swift in Sources */ = {isa = PBXBuildFile; fileRef = 718771722937F5CD0037EB4E /* LoginView.swift */; };
		718771762937F6060037EB4E /* PrimaryButton.swift in Sources */ = {isa = PBXBuildFile; fileRef = 718771752937F6060037EB4E /* PrimaryButton.swift */; };
		718771782937F61C0037EB4E /* Title.swift in Sources */ = {isa = PBXBuildFile; fileRef = 718771772937F61C0037EB4E /* Title.swift */; };
		71C39BAA2937F38400980510 /* AuthenticationManager.swift in Sources */ = {isa = PBXBuildFile; fileRef = 71C39BA92937F38400980510 /* AuthenticationManager.swift */; };
		71DA7E252937F06F007BCD67 /* FaceIDFinalApp.swift in Sources */ = {isa = PBXBuildFile; fileRef = 71DA7E242937F06F007BCD67 /* FaceIDFinalApp.swift */; };
		71DA7E272937F06F007BCD67 /* ContentView.swift in Sources */ = {isa = PBXBuildFile; fileRef = 71DA7E262937F06F007BCD67 /* ContentView.swift */; };
		71DA7E292937F071007BCD67 /* Assets.xcassets in Resources */ = {isa = PBXBuildFile; fileRef = 71DA7E282937F071007BCD67 /* Assets.xcassets */; };
		71DA7E2C2937F071007BCD67 /* Preview Assets.xcassets in Resources */ = {isa = PBXBuildFile; fileRef = 71DA7E2B2937F071007BCD67 /* Preview Assets.xcassets */; };
/* End PBXBuildFile section */

/* Begin PBXFileReference section */
		718771702937F5AF0037EB4E /* CredentialsLoginView.swift */ = {isa = PBXFileReference; lastKnownFileType = sourcecode.swift; path = CredentialsLoginView.swift; sourceTree = "<group>"; };
		718771722937F5CD0037EB4E /* LoginView.swift */ = {isa = PBXFileReference; lastKnownFileType = sourcecode.swift; path = LoginView.swift; sourceTree = "<group>"; };
		718771752937F6060037EB4E /* PrimaryButton.swift */ = {isa = PBXFileReference; lastKnownFileType = sourcecode.swift; path = PrimaryButton.swift; sourceTree = "<group>"; };
		718771772937F61C0037EB4E /* Title.swift */ = {isa = PBXFileReference; lastKnownFileType = sourcecode.swift; path = Title.swift; sourceTree = "<group>"; };
		71C39BA92937F38400980510 /* AuthenticationManager.swift */ = {isa = PBXFileReference; lastKnownFileType = sourcecode.swift; path = AuthenticationManager.swift; sourceTree = "<group>"; };
		71DA7E212937F06F007BCD67 /* FaceIDFinal.app */ = {isa = PBXFileReference; explicitFileType = wrapper.application; includeInIndex = 0; path = FaceIDFinal.app; sourceTree = BUILT_PRODUCTS_DIR; };
		71DA7E242937F06F007BCD67 /* FaceIDFinalApp.swift */ = {isa = PBXFileReference; lastKnownFileType = sourcecode.swift; path = FaceIDFinalApp.swift; sourceTree = "<group>"; };
		71DA7E262937F06F007BCD67 /* ContentView.swift */ = {isa = PBXFileReference; lastKnownFileType = sourcecode.swift; path = ContentView.swift; sourceTree = "<group>"; };
		71DA7E282937F071007BCD67 /* Assets.xcassets */ = {isa = PBXFileReference; lastKnownFileType = folder.assetcatalog; path = Assets.xcassets; sourceTree = "<group>"; };
		71DA7E2B2937F071007BCD67 /* Preview Assets.xcassets */ = {isa = PBXFileReference; lastKnownFileType = folder.assetcatalog; path = "Preview Assets.xcassets"; sourceTree = "<group>"; };
/* End PBXFileReference section */

/* Begin PBXFrameworksBuildPhase section */
		71DA7E1E2937F06F007BCD67 /* Frameworks */ = {
			isa = PBXFrameworksBuildPhase;
			buildActionMask = 2147483647;
			files = (
			);
			runOnlyForDeploymentPostprocessing = 0;
		};
/* End PBXFrameworksBuildPhase section */

/* Begin PBXGroup section */
		718771742937F5ED0037EB4E /* Components */ = {
			isa = PBXGroup;
			children = (
				718771752937F6060037EB4E /* PrimaryButton.swift */,
				718771772937F61C0037EB4E /* Title.swift */,
			);
			path = Components;
			sourceTree = "<group>";
		};
		71C39BAD2937F43B00980510 /* Views */ = {
			isa = PBXGroup;
			children = (
				71DA7E262937F06F007BCD67 /* ContentView.swift */,
				718771702937F5AF0037EB4E /* CredentialsLoginView.swift */,
				718771722937F5CD0037EB4E /* LoginView.swift */,
			);
			path = Views;
			sourceTree = "<group>";
		};
		71DA7E182937F06F007BCD67 = {
			isa = PBXGroup;
			children = (
				71DA7E232937F06F007BCD67 /* FaceIDFinal */,
				71DA7E222937F06F007BCD67 /* Products */,
			);
			sourceTree = "<group>";
		};
		71DA7E222937F06F007BCD67 /* Products */ = {
			isa = PBXGroup;
			children = (
				71DA7E212937F06F007BCD67 /* FaceIDFinal.app */,
			);
			name = Products;
			sourceTree = "<group>";
		};
		71DA7E232937F06F007BCD67 /* FaceIDFinal */ = {
			isa = PBXGroup;
			children = (
				718771742937F5ED0037EB4E /* Components */,
				71C39BAD2937F43B00980510 /* Views */,
				71DA7E282937F071007BCD67 /* Assets.xcassets */,
				71DA7E2A2937F071007BCD67 /* Preview Content */,
				71C39BA92937F38400980510 /* AuthenticationManager.swift */,
				71DA7E242937F06F007BCD67 /* FaceIDFinalApp.swift */,
			);
			path = FaceIDFinal;
			sourceTree = "<group>";
		};
		71DA7E2A2937F071007BCD67 /* Preview Content */ = {
			isa = PBXGroup;
			children = (
				71DA7E2B2937F071007BCD67 /* Preview Assets.xcassets */,
			);
			path = "Preview Content";
			sourceTree = "<group>";
		};
/* End PBXGroup section */

/* Begin PBXNativeTarget section */
		71DA7E202937F06F007BCD67 /* FaceIDFinal */ = {
			isa = PBXNativeTarget;
			buildConfigurationList = 71DA7E2F2937F071007BCD67 /* Build configuration list for PBXNativeTarget "FaceIDFinal" */;
			buildPhases = (
				71DA7E1D2937F06F007BCD67 /* Sources */,
				71DA7E1E2937F06F007BCD67 /* Frameworks */,
				71DA7E1F2937F06F007BCD67 /* Resources */,
			);
			buildRules = (
			);
			dependencies = (
			);
			name = FaceIDFinal;
			productName = FaceIDFinal;
			productReference = 71DA7E212937F06F007BCD67 /* FaceIDFinal.app */;
			productType = "com.apple.product-type.application";
		};
/* End PBXNativeTarget section */

/* Begin PBXProject section */
		71DA7E192937F06F007BCD67 /* Project object */ = {
			isa = PBXProject;
			attributes = {
				BuildIndependentTargetsInParallel = 1;
				LastSwiftUpdateCheck = 1410;
				LastUpgradeCheck = 1410;
				TargetAttributes = {
					71DA7E202937F06F007BCD67 = {
						CreatedOnToolsVersion = 14.1;
					};
				};
			};
			buildConfigurationList = 71DA7E1C2937F06F007BCD67 /* Build configuration list for PBXProject "FaceIDFinal" */;
			compatibilityVersion = "Xcode 14.0";
			developmentRegion = en;
			hasScannedForEncodings = 0;
			knownRegions = (
				en,
				Base,
			);
			mainGroup = 71DA7E182937F06F007BCD67;
			productRefGroup = 71DA7E222937F06F007BCD67 /* Products */;
			projectDirPath = "";
			projectRoot = "";
			targets = (
				71DA7E202937F06F007BCD67 /* FaceIDFinal */,
			);
		};
/* End PBXProject section */

/* Begin PBXResourcesBuildPhase section */
		71DA7E1F2937F06F007BCD67 /* Resources */ = {
			isa = PBXResourcesBuildPhase;
			buildActionMask = 2147483647;
			files = (
				71DA7E2C2937F071007BCD67 /* Preview Assets.xcassets in Resources */,
				71DA7E292937F071007BCD67 /* Assets.xcassets in Resources */,
			);
			runOnlyForDeploymentPostprocessing = 0;
		};
/* End PBXResourcesBuildPhase section */

/* Begin PBXSourcesBuildPhase section */
		71DA7E1D2937F06F007BCD67 /* Sources */ = {
			isa = PBXSourcesBuildPhase;
			buildActionMask = 2147483647;
			files = (
				718771762937F6060037EB4E /* PrimaryButton.swift in Sources */,
				71C39BAA2937F38400980510 /* AuthenticationManager.swift in Sources */,
				718771782937F61C0037EB4E /* Title.swift in Sources */,
				71DA7E272937F06F007BCD67 /* ContentView.swift in Sources */,
				71DA7E252937F06F007BCD67 /* FaceIDFinalApp.swift in Sources */,
				718771732937F5CD0037EB4E /* LoginView.swift in Sources */,
				718771712937F5AF0037EB4E /* CredentialsLoginView.swift in Sources */,
			);
			runOnlyForDeploymentPostprocessing = 0;
		};
/* End PBXSourcesBuildPhase section */

/* Begin XCBuildConfiguration section */
		71DA7E2D2937F071007BCD67 /* Debug */ = {
			isa = XCBuildConfiguration;
			buildSettings = {
				ALWAYS_SEARCH_USER_PATHS = NO;
				CLANG_ANALYZER_NONNULL = YES;
				CLANG_ANALYZER_NUMBER_OBJECT_CONVERSION = YES_AGGRESSIVE;
				CLANG_CXX_LANGUAGE_STANDARD = "gnu++20";
				CLANG_ENABLE_MODULES = YES;
				CLANG_ENABLE_OBJC_ARC = YES;
				CLANG_ENABLE_OBJC_WEAK = YES;
				CLANG_WARN_BLOCK_CAPTURE_AUTORELEASING = YES;
				CLANG_WARN_BOOL_CONVERSION = YES;
				CLANG_WARN_COMMA = YES;
				CLANG_WARN_CONSTANT_CONVERSION = YES;
				CLANG_WARN_DEPRECATED_OBJC_IMPLEMENTATIONS = YES;
				CLANG_WARN_DIRECT_OBJC_ISA_USAGE = YES_ERROR;
				CLANG_WARN_DOCUMENTATION_COMMENTS = YES;
				CLANG_WARN_EMPTY_BODY = YES;
				CLANG_WARN_ENUM_CONVERSION = YES;
				CLANG_WARN_INFINITE_RECURSION = YES;
				CLANG_WARN_INT_CONVERSION = YES;
				CLANG_WARN_NON_LITERAL_NULL_CONVERSION = YES;
				CLANG_WARN_OBJC_IMPLICIT_RETAIN_SELF = YES;
				CLANG_WARN_OBJC_LITERAL_CONVERSION = YES;
				CLANG_WARN_OBJC_ROOT_CLASS = YES_ERROR;
				CLANG_WARN_QUOTED_INCLUDE_IN_FRAMEWORK_HEADER = YES;
				CLANG_WARN_RANGE_LOOP_ANALYSIS = YES;
				CLANG_WARN_STRICT_PROTOTYPES = YES;
				CLANG_WARN_SUSPICIOUS_MOVE = YES;
				CLANG_WARN_UNGUARDED_AVAILABILITY = YES_AGGRESSIVE;
				CLANG_WARN_UNREACHABLE_CODE = YES;
				CLANG_WARN__DUPLICATE_METHOD_MATCH = YES;
				COPY_PHASE_STRIP = NO;
				DEBUG_INFORMATION_FORMAT = dwarf;
				ENABLE_STRICT_OBJC_MSGSEND = YES;
				ENABLE_TESTABILITY = YES;
				GCC_C_LANGUAGE_STANDARD = gnu11;
				GCC_DYNAMIC_NO_PIC = NO;
				GCC_NO_COMMON_BLOCKS = YES;
				GCC_OPTIMIZATION_LEVEL = 0;
				GCC_PREPROCESSOR_DEFINITIONS = (
					"DEBUG=1",
					"$(inherited)",
				);
				GCC_WARN_64_TO_32_BIT_CONVERSION = YES;
				GCC_WARN_ABOUT_RETURN_TYPE = YES_ERROR;
				GCC_WARN_UNDECLARED_SELECTOR = YES;
				GCC_WARN_UNINITIALIZED_AUTOS = YES_AGGRESSIVE;
				GCC_WARN_UNUSED_FUNCTION = YES;
				GCC_WARN_UNUSED_VARIABLE = YES;
				IPHONEOS_DEPLOYMENT_TARGET = 16.1;
				MTL_ENABLE_DEBUG_INFO = INCLUDE_SOURCE;
				MTL_FAST_MATH = YES;
				ONLY_ACTIVE_ARCH = YES;
				SDKROOT = iphoneos;
				SWIFT_ACTIVE_COMPILATION_CONDITIONS = DEBUG;
				SWIFT_OPTIMIZATION_LEVEL = "-Onone";
			};
			name = Debug;
		};
		71DA7E2E2937F071007BCD67 /* Release */ = {
			isa = XCBuildConfiguration;
			buildSettings = {
				ALWAYS_SEARCH_USER_PATHS = NO;
				CLANG_ANALYZER_NONNULL = YES;
				CLANG_ANALYZER_NUMBER_OBJECT_CONVERSION = YES_AGGRESSIVE;
				CLANG_CXX_LANGUAGE_STANDARD = "gnu++20";
				CLANG_ENABLE_MODULES = YES;
				CLANG_ENABLE_OBJC_ARC = YES;
				CLANG_ENABLE_OBJC_WEAK = YES;
				CLANG_WARN_BLOCK_CAPTURE_AUTORELEASING = YES;
				CLANG_WARN_BOOL_CONVERSION = YES;
				CLANG_WARN_COMMA = YES;
				CLANG_WARN_CONSTANT_CONVERSION = YES;
				CLANG_WARN_DEPRECATED_OBJC_IMPLEMENTATIONS = YES;
				CLANG_WARN_DIRECT_OBJC_ISA_USAGE = YES_ERROR;
				CLANG_WARN_DOCUMENTATION_COMMENTS = YES;
				CLANG_WARN_EMPTY_BODY = YES;
				CLANG_WARN_ENUM_CONVERSION = YES;
				CLANG_WARN_INFINITE_RECURSION = YES;
				CLANG_WARN_INT_CONVERSION = YES;
				CLANG_WARN_NON_LITERAL_NULL_CONVERSION = YES;
				CLANG_WARN_OBJC_IMPLICIT_RETAIN_SELF = YES;
				CLANG_WARN_OBJC_LITERAL_CONVERSION = YES;
				CLANG_WARN_OBJC_ROOT_CLASS = YES_ERROR;
				CLANG_WARN_QUOTED_INCLUDE_IN_FRAMEWORK_HEADER = YES;
				CLANG_WARN_RANGE_LOOP_ANALYSIS = YES;
				CLANG_WARN_STRICT_PROTOTYPES = YES;
				CLANG_WARN_SUSPICIOUS_MOVE = YES;
				CLANG_WARN_UNGUARDED_AVAILABILITY = YES_AGGRESSIVE;
				CLANG_WARN_UNREACHABLE_CODE = YES;
				CLANG_WARN__DUPLICATE_METHOD_MATCH = YES;
				COPY_PHASE_STRIP = NO;
				DEBUG_INFORMATION_FORMAT = "dwarf-with-dsym";
				ENABLE_NS_ASSERTIONS = NO;
				ENABLE_STRICT_OBJC_MSGSEND = YES;
				GCC_C_LANGUAGE_STANDARD = gnu11;
				GCC_NO_COMMON_BLOCKS = YES;
				GCC_WARN_64_TO_32_BIT_CONVERSION = YES;
				GCC_WARN_ABOUT_RETURN_TYPE = YES_ERROR;
				GCC_WARN_UNDECLARED_SELECTOR = YES;
				GCC_WARN_UNINITIALIZED_AUTOS = YES_AGGRESSIVE;
				GCC_WARN_UNUSED_FUNCTION = YES;
				GCC_WARN_UNUSED_VARIABLE = YES;
				IPHONEOS_DEPLOYMENT_TARGET = 16.1;
				MTL_ENABLE_DEBUG_INFO = NO;
				MTL_FAST_MATH = YES;
				SDKROOT = iphoneos;
				SWIFT_COMPILATION_MODE = wholemodule;
				SWIFT_OPTIMIZATION_LEVEL = "-O";
				VALIDATE_PRODUCT = YES;
			};
			name = Release;
		};
		71DA7E302937F071007BCD67 /* Debug */ = {
			isa = XCBuildConfiguration;
			buildSettings = {
				ASSETCATALOG_COMPILER_APPICON_NAME = AppIcon;
				ASSETCATALOG_COMPILER_GLOBAL_ACCENT_COLOR_NAME = AccentColor;
				CODE_SIGN_STYLE = Automatic;
				CURRENT_PROJECT_VERSION = 1;
				DEVELOPMENT_ASSET_PATHS = "\"FaceIDFinal/Preview Content\"";
				ENABLE_PREVIEWS = YES;
				GENERATE_INFOPLIST_FILE = YES;
				INFOPLIST_KEY_NSFaceIDUsageDescription = "to log in to application";
				INFOPLIST_KEY_UIApplicationSceneManifest_Generation = YES;
				INFOPLIST_KEY_UIApplicationSupportsIndirectInputEvents = YES;
				INFOPLIST_KEY_UILaunchScreen_Generation = YES;
				INFOPLIST_KEY_UISupportedInterfaceOrientations_iPad = "UIInterfaceOrientationPortrait UIInterfaceOrientationPortraitUpsideDown UIInterfaceOrientationLandscapeLeft UIInterfaceOrientationLandscapeRight";
				INFOPLIST_KEY_UISupportedInterfaceOrientations_iPhone = "UIInterfaceOrientationPortrait UIInterfaceOrientationLandscapeLeft UIInterfaceOrientationLandscapeRight";
				LD_RUNPATH_SEARCH_PATHS = (
					"$(inherited)",
					"@executable_path/Frameworks",
				);
				MARKETING_VERSION = 1.0;
				PRODUCT_BUNDLE_IDENTIFIER = com.github.gauchewy.FaceIDFinal;
				PRODUCT_NAME = "$(TARGET_NAME)";
				SWIFT_EMIT_LOC_STRINGS = YES;
				SWIFT_VERSION = 5.0;
				TARGETED_DEVICE_FAMILY = "1,2";
			};
			name = Debug;
		};
		71DA7E312937F071007BCD67 /* Release */ = {
			isa = XCBuildConfiguration;
			buildSettings = {
				ASSETCATALOG_COMPILER_APPICON_NAME = AppIcon;
				ASSETCATALOG_COMPILER_GLOBAL_ACCENT_COLOR_NAME = AccentColor;
				CODE_SIGN_STYLE = Automatic;
				CURRENT_PROJECT_VERSION = 1;
				DEVELOPMENT_ASSET_PATHS = "\"FaceIDFinal/Preview Content\"";
				ENABLE_PREVIEWS = YES;
				GENERATE_INFOPLIST_FILE = YES;
				INFOPLIST_KEY_NSFaceIDUsageDescription = "to log in to application";
				INFOPLIST_KEY_UIApplicationSceneManifest_Generation = YES;
				INFOPLIST_KEY_UIApplicationSupportsIndirectInputEvents = YES;
				INFOPLIST_KEY_UILaunchScreen_Generation = YES;
				INFOPLIST_KEY_UISupportedInterfaceOrientations_iPad = "UIInterfaceOrientationPortrait UIInterfaceOrientationPortraitUpsideDown UIInterfaceOrientationLandscapeLeft UIInterfaceOrientationLandscapeRight";
				INFOPLIST_KEY_UISupportedInterfaceOrientations_iPhone = "UIInterfaceOrientationPortrait UIInterfaceOrientationLandscapeLeft UIInterfaceOrientationLandscapeRight";
				LD_RUNPATH_SEARCH_PATHS = (
					"$(inherited)",
					"@executable_path/Frameworks",
				);
				MARKETING_VERSION = 1.0;
				PRODUCT_BUNDLE_IDENTIFIER = com.github.gauchewy.FaceIDFinal;
				PRODUCT_NAME = "$(TARGET_NAME)";
				SWIFT_EMIT_LOC_STRINGS = YES;
				SWIFT_VERSION = 5.0;
				TARGETED_DEVICE_FAMILY = "1,2";
			};
			name = Release;
		};
/* End XCBuildConfiguration section */

/* Begin XCConfigurationList section */
		71DA7E1C2937F06F007BCD67 /* Build configuration list for PBXProject "FaceIDFinal" */ = {
			isa = XCConfigurationList;
			buildConfigurations = (
				71DA7E2D2937F071007BCD67 /* Debug */,
				71DA7E2E2937F071007BCD67 /* Release */,
			);
			defaultConfigurationIsVisible = 0;
			defaultConfigurationName = Release;
		};
		71DA7E2F2937F071007BCD67 /* Build configuration list for PBXNativeTarget "FaceIDFinal" */ = {
			isa = XCConfigurationList;
			buildConfigurations = (
				71DA7E302937F071007BCD67 /* Debug */,
				71DA7E312937F071007BCD67 /* Release */,
			);
			defaultConfigurationIsVisible = 0;
			defaultConfigurationName = Release;
		};
/* End XCConfigurationList section */
	};
	rootObject = 71DA7E192937F06F007BCD67 /* Project object */;
}
